// !$*UTF8*$!
{
	archiveVersion = 1;
	classes = {
	};
	objectVersion = 46;
	objects = {

/* Begin PBXBuildFile section */
		50CB140D197FAA8900273E6B /* Foundation.framework in Frameworks */ = {isa = PBXBuildFile; fileRef = 50CB140C197FAA8900273E6B /* Foundation.framework */; };
		50CB140F197FAA8900273E6B /* CoreGraphics.framework in Frameworks */ = {isa = PBXBuildFile; fileRef = 50CB140E197FAA8900273E6B /* CoreGraphics.framework */; };
		50CB1411197FAA8900273E6B /* UIKit.framework in Frameworks */ = {isa = PBXBuildFile; fileRef = 50CB1410197FAA8900273E6B /* UIKit.framework */; };
		50CB1417197FAA8900273E6B /* InfoPlist.strings in Resources */ = {isa = PBXBuildFile; fileRef = 50CB1415197FAA8900273E6B /* InfoPlist.strings */; };
		50CB1419197FAA8900273E6B /* main.m in Sources */ = {isa = PBXBuildFile; fileRef = 50CB1418197FAA8900273E6B /* main.m */; };
		50CB141D197FAA8900273E6B /* KIRAppDelegate.m in Sources */ = {isa = PBXBuildFile; fileRef = 50CB141C197FAA8900273E6B /* KIRAppDelegate.m */; };
		50CB1420197FAA8900273E6B /* Main.storyboard in Resources */ = {isa = PBXBuildFile; fileRef = 50CB141E197FAA8900273E6B /* Main.storyboard */; };
		50CB1423197FAA8900273E6B /* KIRViewController.m in Sources */ = {isa = PBXBuildFile; fileRef = 50CB1422197FAA8900273E6B /* KIRViewController.m */; };
		50CB1425197FAA8900273E6B /* Images.xcassets in Resources */ = {isa = PBXBuildFile; fileRef = 50CB1424197FAA8900273E6B /* Images.xcassets */; };
		50CB142C197FAA8900273E6B /* XCTest.framework in Frameworks */ = {isa = PBXBuildFile; fileRef = 50CB142B197FAA8900273E6B /* XCTest.framework */; };
		50CB142D197FAA8900273E6B /* Foundation.framework in Frameworks */ = {isa = PBXBuildFile; fileRef = 50CB140C197FAA8900273E6B /* Foundation.framework */; };
		50CB142E197FAA8900273E6B /* UIKit.framework in Frameworks */ = {isa = PBXBuildFile; fileRef = 50CB1410197FAA8900273E6B /* UIKit.framework */; };
		50CB1436197FAA8900273E6B /* InfoPlist.strings in Resources */ = {isa = PBXBuildFile; fileRef = 50CB1434197FAA8900273E6B /* InfoPlist.strings */; };
		50CB1438197FAA8900273E6B /* BasicCalcTests.m in Sources */ = {isa = PBXBuildFile; fileRef = 50CB1437197FAA8900273E6B /* BasicCalcTests.m */; };
/* End PBXBuildFile section */

/* Begin PBXContainerItemProxy section */
		50CB142F197FAA8900273E6B /* PBXContainerItemProxy */ = {
			isa = PBXContainerItemProxy;
			containerPortal = 50CB1401197FAA8900273E6B /* Project object */;
			proxyType = 1;
			remoteGlobalIDString = 50CB1408197FAA8900273E6B;
			remoteInfo = BasicCalc;
		};
/* End PBXContainerItemProxy section */

/* Begin PBXFileReference section */
		50CB1409197FAA8900273E6B /* BasicCalc.app */ = {isa = PBXFileReference; explicitFileType = wrapper.application; includeInIndex = 0; path = BasicCalc.app; sourceTree = BUILT_PRODUCTS_DIR; };
		50CB140C197FAA8900273E6B /* Foundation.framework */ = {isa = PBXFileReference; lastKnownFileType = wrapper.framework; name = Foundation.framework; path = System/Library/Frameworks/Foundation.framework; sourceTree = SDKROOT; };
		50CB140E197FAA8900273E6B /* CoreGraphics.framework */ = {isa = PBXFileReference; lastKnownFileType = wrapper.framework; name = CoreGraphics.framework; path = System/Library/Frameworks/CoreGraphics.framework; sourceTree = SDKROOT; };
		50CB1410197FAA8900273E6B /* UIKit.framework */ = {isa = PBXFileReference; lastKnownFileType = wrapper.framework; name = UIKit.framework; path = System/Library/Frameworks/UIKit.framework; sourceTree = SDKROOT; };
		50CB1414197FAA8900273E6B /* BasicCalc-Info.plist */ = {isa = PBXFileReference; lastKnownFileType = text.plist.xml; path = "BasicCalc-Info.plist"; sourceTree = "<group>"; };
		50CB1416197FAA8900273E6B /* en */ = {isa = PBXFileReference; lastKnownFileType = text.plist.strings; name = en; path = en.lproj/InfoPlist.strings; sourceTree = "<group>"; };
		50CB1418197FAA8900273E6B /* main.m */ = {isa = PBXFileReference; lastKnownFileType = sourcecode.c.objc; path = main.m; sourceTree = "<group>"; };
		50CB141A197FAA8900273E6B /* BasicCalc-Prefix.pch */ = {isa = PBXFileReference; lastKnownFileType = sourcecode.c.h; path = "BasicCalc-Prefix.pch"; sourceTree = "<group>"; };
		50CB141B197FAA8900273E6B /* KIRAppDelegate.h */ = {isa = PBXFileReference; lastKnownFileType = sourcecode.c.h; path = KIRAppDelegate.h; sourceTree = "<group>"; };
		50CB141C197FAA8900273E6B /* KIRAppDelegate.m */ = {isa = PBXFileReference; lastKnownFileType = sourcecode.c.objc; path = KIRAppDelegate.m; sourceTree = "<group>"; };
		50CB141F197FAA8900273E6B /* Base */ = {isa = PBXFileReference; lastKnownFileType = file.storyboard; name = Base; path = Base.lproj/Main.storyboard; sourceTree = "<group>"; };
		50CB1421197FAA8900273E6B /* KIRViewController.h */ = {isa = PBXFileReference; lastKnownFileType = sourcecode.c.h; path = KIRViewController.h; sourceTree = "<group>"; };
		50CB1422197FAA8900273E6B /* KIRViewController.m */ = {isa = PBXFileReference; lastKnownFileType = sourcecode.c.objc; path = KIRViewController.m; sourceTree = "<group>"; };
		50CB1424197FAA8900273E6B /* Images.xcassets */ = {isa = PBXFileReference; lastKnownFileType = folder.assetcatalog; path = Images.xcassets; sourceTree = "<group>"; };
		50CB142A197FAA8900273E6B /* BasicCalcTests.xctest */ = {isa = PBXFileReference; explicitFileType = wrapper.cfbundle; includeInIndex = 0; path = BasicCalcTests.xctest; sourceTree = BUILT_PRODUCTS_DIR; };
		50CB142B197FAA8900273E6B /* XCTest.framework */ = {isa = PBXFileReference; lastKnownFileType = wrapper.framework; name = XCTest.framework; path = Library/Frameworks/XCTest.framework; sourceTree = DEVELOPER_DIR; };
		50CB1433197FAA8900273E6B /* BasicCalcTests-Info.plist */ = {isa = PBXFileReference; lastKnownFileType = text.plist.xml; path = "BasicCalcTests-Info.plist"; sourceTree = "<group>"; };
		50CB1435197FAA8900273E6B /* en */ = {isa = PBXFileReference; lastKnownFileType = text.plist.strings; name = en; path = en.lproj/InfoPlist.strings; sourceTree = "<group>"; };
		50CB1437197FAA8900273E6B /* BasicCalcTests.m */ = {isa = PBXFileReference; lastKnownFileType = sourcecode.c.objc; path = BasicCalcTests.m; sourceTree = "<group>"; };
/* End PBXFileReference section */

/* Begin PBXFrameworksBuildPhase section */
		50CB1406197FAA8900273E6B /* Frameworks */ = {
			isa = PBXFrameworksBuildPhase;
			buildActionMask = 2147483647;
			files = (
				50CB140F197FAA8900273E6B /* CoreGraphics.framework in Frameworks */,
				50CB1411197FAA8900273E6B /* UIKit.framework in Frameworks */,
				50CB140D197FAA8900273E6B /* Foundation.framework in Frameworks */,
			);
			runOnlyForDeploymentPostprocessing = 0;
		};
		50CB1427197FAA8900273E6B /* Frameworks */ = {
			isa = PBXFrameworksBuildPhase;
			buildActionMask = 2147483647;
			files = (
				50CB142C197FAA8900273E6B /* XCTest.framework in Frameworks */,
				50CB142E197FAA8900273E6B /* UIKit.framework in Frameworks */,
				50CB142D197FAA8900273E6B /* Foundation.framework in Frameworks */,
			);
			runOnlyForDeploymentPostprocessing = 0;
		};
/* End PBXFrameworksBuildPhase section */

/* Begin PBXGroup section */
		50CB1400197FAA8900273E6B = {
			isa = PBXGroup;
			children = (
				50CB1412197FAA8900273E6B /* BasicCalc */,
				50CB1431197FAA8900273E6B /* BasicCalcTests */,
				50CB140B197FAA8900273E6B /* Frameworks */,
				50CB140A197FAA8900273E6B /* Products */,
			);
			sourceTree = "<group>";
		};
		50CB140A197FAA8900273E6B /* Products */ = {
			isa = PBXGroup;
			children = (
				50CB1409197FAA8900273E6B /* BasicCalc.app */,
				50CB142A197FAA8900273E6B /* BasicCalcTests.xctest */,
			);
			name = Products;
			sourceTree = "<group>";
		};
		50CB140B197FAA8900273E6B /* Frameworks */ = {
			isa = PBXGroup;
			children = (
				50CB140C197FAA8900273E6B /* Foundation.framework */,
				50CB140E197FAA8900273E6B /* CoreGraphics.framework */,
				50CB1410197FAA8900273E6B /* UIKit.framework */,
				50CB142B197FAA8900273E6B /* XCTest.framework */,
			);
			name = Frameworks;
			sourceTree = "<group>";
		};
		50CB1412197FAA8900273E6B /* BasicCalc */ = {
			isa = PBXGroup;
			children = (
				50CB141B197FAA8900273E6B /* KIRAppDelegate.h */,
				50CB141C197FAA8900273E6B /* KIRAppDelegate.m */,
				50CB141E197FAA8900273E6B /* Main.storyboard */,
				50CB1421197FAA8900273E6B /* KIRViewController.h */,
				50CB1422197FAA8900273E6B /* KIRViewController.m */,
				50CB1424197FAA8900273E6B /* Images.xcassets */,
				50CB1413197FAA8900273E6B /* Supporting Files */,
			);
			path = BasicCalc;
			sourceTree = "<group>";
		};
		50CB1413197FAA8900273E6B /* Supporting Files */ = {
			isa = PBXGroup;
			children = (
				50CB1414197FAA8900273E6B /* BasicCalc-Info.plist */,
				50CB1415197FAA8900273E6B /* InfoPlist.strings */,
				50CB1418197FAA8900273E6B /* main.m */,
				50CB141A197FAA8900273E6B /* BasicCalc-Prefix.pch */,
			);
			name = "Supporting Files";
			sourceTree = "<group>";
		};
		50CB1431197FAA8900273E6B /* BasicCalcTests */ = {
			isa = PBXGroup;
			children = (
				50CB1437197FAA8900273E6B /* BasicCalcTests.m */,
				50CB1432197FAA8900273E6B /* Supporting Files */,
			);
			path = BasicCalcTests;
			sourceTree = "<group>";
		};
		50CB1432197FAA8900273E6B /* Supporting Files */ = {
			isa = PBXGroup;
			children = (
				50CB1433197FAA8900273E6B /* BasicCalcTests-Info.plist */,
				50CB1434197FAA8900273E6B /* InfoPlist.strings */,
			);
			name = "Supporting Files";
			sourceTree = "<group>";
		};
/* End PBXGroup section */

/* Begin PBXNativeTarget section */
		50CB1408197FAA8900273E6B /* BasicCalc */ = {
			isa = PBXNativeTarget;
			buildConfigurationList = 50CB143B197FAA8900273E6B /* Build configuration list for PBXNativeTarget "BasicCalc" */;
			buildPhases = (
				50CB1405197FAA8900273E6B /* Sources */,
				50CB1406197FAA8900273E6B /* Frameworks */,
				50CB1407197FAA8900273E6B /* Resources */,
			);
			buildRules = (
			);
			dependencies = (
			);
			name = BasicCalc;
			productName = BasicCalc;
			productReference = 50CB1409197FAA8900273E6B /* BasicCalc.app */;
			productType = "com.apple.product-type.application";
		};
		50CB1429197FAA8900273E6B /* BasicCalcTests */ = {
			isa = PBXNativeTarget;
			buildConfigurationList = 50CB143E197FAA8900273E6B /* Build configuration list for PBXNativeTarget "BasicCalcTests" */;
			buildPhases = (
				50CB1426197FAA8900273E6B /* Sources */,
				50CB1427197FAA8900273E6B /* Frameworks */,
				50CB1428197FAA8900273E6B /* Resources */,
			);
			buildRules = (
			);
			dependencies = (
				50CB1430197FAA8900273E6B /* PBXTargetDependency */,
			);
			name = BasicCalcTests;
			productName = BasicCalcTests;
			productReference = 50CB142A197FAA8900273E6B /* BasicCalcTests.xctest */;
			productType = "com.apple.product-type.bundle.unit-test";
		};
/* End PBXNativeTarget section */

/* Begin PBXProject section */
		50CB1401197FAA8900273E6B /* Project object */ = {
			isa = PBXProject;
			attributes = {
				CLASSPREFIX = KIR;
				LastUpgradeCheck = 0510;
				ORGANIZATIONNAME = "___FULLUSERNAME___";
				TargetAttributes = {
					50CB1429197FAA8900273E6B = {
						TestTargetID = 50CB1408197FAA8900273E6B;
					};
				};
			};
			buildConfigurationList = 50CB1404197FAA8900273E6B /* Build configuration list for PBXProject "BasicCalc" */;
			compatibilityVersion = "Xcode 3.2";
			developmentRegion = English;
			hasScannedForEncodings = 0;
			knownRegions = (
				en,
				Base,
			);
			mainGroup = 50CB1400197FAA8900273E6B;
			productRefGroup = 50CB140A197FAA8900273E6B /* Products */;
			projectDirPath = "";
			projectRoot = "";
			targets = (
				50CB1408197FAA8900273E6B /* BasicCalc */,
				50CB1429197FAA8900273E6B /* BasicCalcTests */,
			);
		};
/* End PBXProject section */

/* Begin PBXResourcesBuildPhase section */
		50CB1407197FAA8900273E6B /* Resources */ = {
			isa = PBXResourcesBuildPhase;
			buildActionMask = 2147483647;
			files = (
				50CB1425197FAA8900273E6B /* Images.xcassets in Resources */,
				50CB1417197FAA8900273E6B /* InfoPlist.strings in Resources */,
				50CB1420197FAA8900273E6B /* Main.storyboard in Resources */,
			);
			runOnlyForDeploymentPostprocessing = 0;
		};
		50CB1428197FAA8900273E6B /* Resources */ = {
			isa = PBXResourcesBuildPhase;
			buildActionMask = 2147483647;
			files = (
				50CB1436197FAA8900273E6B /* InfoPlist.strings in Resources */,
			);
			runOnlyForDeploymentPostprocessing = 0;
		};
/* End PBXResourcesBuildPhase section */

/* Begin PBXSourcesBuildPhase section */
		50CB1405197FAA8900273E6B /* Sources */ = {
			isa = PBXSourcesBuildPhase;
			buildActionMask = 2147483647;
			files = (
				50CB1419197FAA8900273E6B /* main.m in Sources */,
				50CB1423197FAA8900273E6B /* KIRViewController.m in Sources */,
				50CB141D197FAA8900273E6B /* KIRAppDelegate.m in Sources */,
			);
			runOnlyForDeploymentPostprocessing = 0;
		};
		50CB1426197FAA8900273E6B /* Sources */ = {
			isa = PBXSourcesBuildPhase;
			buildActionMask = 2147483647;
			files = (
				50CB1438197FAA8900273E6B /* BasicCalcTests.m in Sources */,
			);
			runOnlyForDeploymentPostprocessing = 0;
		};
/* End PBXSourcesBuildPhase section */

/* Begin PBXTargetDependency section */
		50CB1430197FAA8900273E6B /* PBXTargetDependency */ = {
			isa = PBXTargetDependency;
			target = 50CB1408197FAA8900273E6B /* BasicCalc */;
			targetProxy = 50CB142F197FAA8900273E6B /* PBXContainerItemProxy */;
		};
/* End PBXTargetDependency section */

/* Begin PBXVariantGroup section */
		50CB1415197FAA8900273E6B /* InfoPlist.strings */ = {
			isa = PBXVariantGroup;
			children = (
				50CB1416197FAA8900273E6B /* en */,
			);
			name = InfoPlist.strings;
			sourceTree = "<group>";
		};
		50CB141E197FAA8900273E6B /* Main.storyboard */ = {
			isa = PBXVariantGroup;
			children = (
				50CB141F197FAA8900273E6B /* Base */,
			);
			name = Main.storyboard;
			sourceTree = "<group>";
		};
		50CB1434197FAA8900273E6B /* InfoPlist.strings */ = {
			isa = PBXVariantGroup;
			children = (
				50CB1435197FAA8900273E6B /* en */,
			);
			name = InfoPlist.strings;
			sourceTree = "<group>";
		};
/* End PBXVariantGroup section */

/* Begin XCBuildConfiguration section */
		50CB1439197FAA8900273E6B /* Debug */ = {
			isa = XCBuildConfiguration;
			buildSettings = {
				ALWAYS_SEARCH_USER_PATHS = NO;
				CLANG_CXX_LANGUAGE_STANDARD = "gnu++0x";
				CLANG_CXX_LIBRARY = "libc++";
				CLANG_ENABLE_MODULES = YES;
				CLANG_ENABLE_OBJC_ARC = YES;
				CLANG_WARN_BOOL_CONVERSION = YES;
				CLANG_WARN_CONSTANT_CONVERSION = YES;
				CLANG_WARN_DIRECT_OBJC_ISA_USAGE = YES_ERROR;
				CLANG_WARN_EMPTY_BODY = YES;
				CLANG_WARN_ENUM_CONVERSION = YES;
				CLANG_WARN_INT_CONVERSION = YES;
				CLANG_WARN_OBJC_ROOT_CLASS = YES_ERROR;
				CLANG_WARN__DUPLICATE_METHOD_MATCH = YES;
				"CODE_SIGN_IDENTITY[sdk=iphoneos*]" = "iPhone Developer";
				COPY_PHASE_STRIP = NO;
				GCC_C_LANGUAGE_STANDARD = gnu99;
				GCC_DYNAMIC_NO_PIC = NO;
				GCC_OPTIMIZATION_LEVEL = 0;
				GCC_PREPROCESSOR_DEFINITIONS = (
					"DEBUG=1",
					"$(inherited)",
				);
				GCC_SYMBOLS_PRIVATE_EXTERN = NO;
				GCC_WARN_64_TO_32_BIT_CONVERSION = YES;
				GCC_WARN_ABOUT_RETURN_TYPE = YES_ERROR;
				GCC_WARN_UNDECLARED_SELECTOR = YES;
				GCC_WARN_UNINITIALIZED_AUTOS = YES_AGGRESSIVE;
				GCC_WARN_UNUSED_FUNCTION = YES;
				GCC_WARN_UNUSED_VARIABLE = YES;
				IPHONEOS_DEPLOYMENT_TARGET = 7.1;
				ONLY_ACTIVE_ARCH = YES;
				SDKROOT = iphoneos;
				TARGETED_DEVICE_FAMILY = 2;
			};
			name = Debug;
		};
		50CB143A197FAA8900273E6B /* Release */ = {
			isa = XCBuildConfiguration;
			buildSettings = {
				ALWAYS_SEARCH_USER_PATHS = NO;
				CLANG_CXX_LANGUAGE_STANDARD = "gnu++0x";
				CLANG_CXX_LIBRARY = "libc++";
				CLANG_ENABLE_MODULES = YES;
				CLANG_ENABLE_OBJC_ARC = YES;
				CLANG_WARN_BOOL_CONVERSION = YES;
				CLANG_WARN_CONSTANT_CONVERSION = YES;
				CLANG_WARN_DIRECT_OBJC_ISA_USAGE = YES_ERROR;
				CLANG_WARN_EMPTY_BODY = YES;
				CLANG_WARN_ENUM_CONVERSION = YES;
				CLANG_WARN_INT_CONVERSION = YES;
				CLANG_WARN_OBJC_ROOT_CLASS = YES_ERROR;
				CLANG_WARN__DUPLICATE_METHOD_MATCH = YES;
				"CODE_SIGN_IDENTITY[sdk=iphoneos*]" = "iPhone Developer";
				COPY_PHASE_STRIP = YES;
				ENABLE_NS_ASSERTIONS = NO;
				GCC_C_LANGUAGE_STANDARD = gnu99;
				GCC_WARN_64_TO_32_BIT_CONVERSION = YES;
				GCC_WARN_ABOUT_RETURN_TYPE = YES_ERROR;
				GCC_WARN_UNDECLARED_SELECTOR = YES;
				GCC_WARN_UNINITIALIZED_AUTOS = YES_AGGRESSIVE;
				GCC_WARN_UNUSED_FUNCTION = YES;
				GCC_WARN_UNUSED_VARIABLE = YES;
				IPHONEOS_DEPLOYMENT_TARGET = 7.1;
				SDKROOT = iphoneos;
				TARGETED_DEVICE_FAMILY = 2;
				VALIDATE_PRODUCT = YES;
			};
			name = Release;
		};
		50CB143C197FAA8900273E6B /* Debug */ = {
			isa = XCBuildConfiguration;
			buildSettings = {
				ASSETCATALOG_COMPILER_APPICON_NAME = AppIcon;
				ASSETCATALOG_COMPILER_LAUNCHIMAGE_NAME = LaunchImage;
				GCC_PRECOMPILE_PREFIX_HEADER = YES;
				GCC_PREFIX_HEADER = "BasicCalc/BasicCalc-Prefix.pch";
				INFOPLIST_FILE = "BasicCalc/BasicCalc-Info.plist";
				PRODUCT_NAME = "$(TARGET_NAME)";
				WRAPPER_EXTENSION = app;
			};
			name = Debug;
		};
		50CB143D197FAA8900273E6B /* Release */ = {
			isa = XCBuildConfiguration;
			buildSettings = {
				ASSETCATALOG_COMPILER_APPICON_NAME = AppIcon;
				ASSETCATALOG_COMPILER_LAUNCHIMAGE_NAME = LaunchImage;
				GCC_PRECOMPILE_PREFIX_HEADER = YES;
				GCC_PREFIX_HEADER = "BasicCalc/BasicCalc-Prefix.pch";
				INFOPLIST_FILE = "BasicCalc/BasicCalc-Info.plist";
				PRODUCT_NAME = "$(TARGET_NAME)";
				WRAPPER_EXTENSION = app;
			};
			name = Release;
		};
		50CB143F197FAA8900273E6B /* Debug */ = {
			isa = XCBuildConfiguration;
			buildSettings = {
				BUNDLE_LOADER = "$(BUILT_PRODUCTS_DIR)/BasicCalc.app/BasicCalc";
				FRAMEWORK_SEARCH_PATHS = (
					"$(SDKROOT)/Developer/Library/Frameworks",
					"$(inherited)",
					"$(DEVELOPER_FRAMEWORKS_DIR)",
				);
				GCC_PRECOMPILE_PREFIX_HEADER = YES;
				GCC_PREFIX_HEADER = "BasicCalc/BasicCalc-Prefix.pch";
				GCC_PREPROCESSOR_DEFINITIONS = (
					"DEBUG=1",
					"$(inherited)",
				);
				INFOPLIST_FILE = "BasicCalcTests/BasicCalcTests-Info.plist";
				PRODUCT_NAME = "$(TARGET_NAME)";
				TEST_HOST = "$(BUNDLE_LOADER)";
				WRAPPER_EXTENSION = xctest;
			};
			name = Debug;
		};
		50CB1440197FAA8900273E6B /* Release */ = {
			isa = XCBuildConfiguration;
			buildSettings = {
				BUNDLE_LOADER = "$(BUILT_PRODUCTS_DIR)/BasicCalc.app/BasicCalc";
				FRAMEWORK_SEARCH_PATHS = (
					"$(SDKROOT)/Developer/Library/Frameworks",
					"$(inherited)",
					"$(DEVELOPER_FRAMEWORKS_DIR)",
				);
				GCC_PRECOMPILE_PREFIX_HEADER = YES;
				GCC_PREFIX_HEADER = "BasicCalc/BasicCalc-Prefix.pch";
				INFOPLIST_FILE = "BasicCalcTests/BasicCalcTests-Info.plist";
				PRODUCT_NAME = "$(TARGET_NAME)";
				TEST_HOST = "$(BUNDLE_LOADER)";
				WRAPPER_EXTENSION = xctest;
			};
			name = Release;
		};
/* End XCBuildConfiguration section */

/* Begin XCConfigurationList section */
		50CB1404197FAA8900273E6B /* Build configuration list for PBXProject "BasicCalc" */ = {
			isa = XCConfigurationList;
			buildConfigurations = (
				50CB1439197FAA8900273E6B /* Debug */,
				50CB143A197FAA8900273E6B /* Release */,
			);
			defaultConfigurationIsVisible = 0;
			defaultConfigurationName = Release;
		};
		50CB143B197FAA8900273E6B /* Build configuration list for PBXNativeTarget "BasicCalc" */ = {
			isa = XCConfigurationList;
			buildConfigurations = (
				50CB143C197FAA8900273E6B /* Debug */,
				50CB143D197FAA8900273E6B /* Release */,
			);
			defaultConfigurationIsVisible = 0;
			defaultConfigurationName = Release;
		};
		50CB143E197FAA8900273E6B /* Build configuration list for PBXNativeTarget "BasicCalcTests" */ = {
			isa = XCConfigurationList;
			buildConfigurations = (
				50CB143F197FAA8900273E6B /* Debug */,
				50CB1440197FAA8900273E6B /* Release */,
			);
			defaultConfigurationIsVisible = 0;
			defaultConfigurationName = Release;
		};
/* End XCConfigurationList section */
	};
	rootObject = 50CB1401197FAA8900273E6B /* Project object */;
}
